
Microsoft Visual Studio Solution File, Format Version 12.00
# Visual Studio 14
VisualStudioVersion = 14.0.24720.0
MinimumVisualStudioVersion = 10.0.40219.1
Project("{8BC9CEB8-8B4A-11D0-8D11-00A0C91BC942}") = "MyOpenCV31Lab", "MyOpenCV31Lab\MyOpenCV31Lab.vcxproj", "{27E8217B-D3D3-473D-A4BC-E109CFA080A5}"
EndProject
Project("{8BC9CEB8-8B4A-11D0-8D11-00A0C91BC942}") = "LoadImg", "LoadImg\LoadImg.vcxproj", "{1438BBCF-60D1-4890-BB91-F5F48CBA247B}"
EndProject
Project("{2150E333-8FDC-42A3-9474-1A3956D46DE8}") = "01 OpenCV Basic", "01 OpenCV Basic", "{8D781D6B-C2D4-45E8-BCE0-7DBE56E7E5A5}"
EndProject
Project("{2150E333-8FDC-42A3-9474-1A3956D46DE8}") = "02 Image data structure", "02 Image data structure", "{A26B50F7-BA69-4C3B-A506-5AC0E1BE07BE}"
EndProject
Project("{8BC9CEB8-8B4A-11D0-8D11-00A0C91BC942}") = "RowRangeDemo", "RowRangeDemo\RowRangeDemo.vcxproj", "{7121D73A-E747-4CFB-857A-D7E0EA891037}"
EndProject
Project("{2150E333-8FDC-42A3-9474-1A3956D46DE8}") = "03 Image basic operations", "03 Image basic operations", "{80DAF309-1CF9-4CF8-8D0C-413A79E8CEED}"
EndProject
Project("{8BC9CEB8-8B4A-11D0-8D11-00A0C91BC942}") = "KmeansDemo", "KmeansDemo\KmeansDemo.vcxproj", "{DA2B0F5D-9F51-42F6-86DC-DB107B841C1B}"
EndProject
Project("{8BC9CEB8-8B4A-11D0-8D11-00A0C91BC942}") = "MatDataDemo", "MatDataDemo\MatDataDemo.vcxproj", "{230AEE78-6E0C-4862-BA36-E90FB0FA4F82}"
EndProject
Project("{8BC9CEB8-8B4A-11D0-8D11-00A0C91BC942}") = "RGB2GrayDemo", "RGB2GrayDemo\RGB2GrayDemo.vcxproj", "{8512524F-1C85-470C-8CB9-CCEFFF402986}"
EndProject
Project("{8BC9CEB8-8B4A-11D0-8D11-00A0C91BC942}") = "SplitMergeDemo", "SplitMergeDemo\SplitMergeDemo.vcxproj", "{D705A8BC-ED7B-4226-B0D9-0258A9966B73}"
EndProject
Project("{8BC9CEB8-8B4A-11D0-8D11-00A0C91BC942}") = "DrawLinesDemo", "DrawLinesDemo\DrawLinesDemo.vcxproj", "{B55EF63E-3C2D-4589-A036-291B6B4E8E17}"
EndProject
Project("{2150E333-8FDC-42A3-9474-1A3956D46DE8}") = "04 Vedio and Camera", "04 Vedio and Camera", "{B718C4E0-754E-43AB-AB74-A59CBE4404EB}"
EndProject
Project("{8BC9CEB8-8B4A-11D0-8D11-00A0C91BC942}") = "CaptureDemo", "CaptureDemo\CaptureDemo.vcxproj", "{92D9869E-0371-497E-BA7F-167FEC9F99FC}"
EndProject
Project("{8BC9CEB8-8B4A-11D0-8D11-00A0C91BC942}") = "VideoCaptureDemo", "VideoCaptureDemo\VideoCaptureDemo.vcxproj", "{D4E98248-BA23-4FEB-BEB1-A36C613C91DE}"
EndProject
Project("{8BC9CEB8-8B4A-11D0-8D11-00A0C91BC942}") = "VideoReaderDemo", "VideoReaderDemo\VideoReaderDemo.vcxproj", "{C1BAEBC0-8860-42C1-923C-D8BF30C577E3}"
EndProject
Project("{8BC9CEB8-8B4A-11D0-8D11-00A0C91BC942}") = "VideoWriterDemo", "VideoWriterDemo\VideoWriterDemo.vcxproj", "{984EE498-4A39-4989-A529-356995B6D226}"
EndProject
Project("{8BC9CEB8-8B4A-11D0-8D11-00A0C91BC942}") = "TrackbarDemo", "TrackbarDemo\TrackbarDemo.vcxproj", "{25F4BBAD-5A86-4D37-8498-4D066ABAFBD2}"
EndProject
Project("{2150E333-8FDC-42A3-9474-1A3956D46DE8}") = "05 UI operations", "05 UI operations", "{1FF7400B-B30F-499C-A6F4-E21A1096182E}"
EndProject
Project("{8BC9CEB8-8B4A-11D0-8D11-00A0C91BC942}") = "ColorInRangeDemo", "ColorInRangeDemo\ColorInRangeDemo.vcxproj", "{6E85A22D-5047-4EE9-94F3-F58D055CF48A}"
EndProject
Project("{8BC9CEB8-8B4A-11D0-8D11-00A0C91BC942}") = "MouseClickDemo", "MouseClickDemo\MouseClickDemo.vcxproj", "{53F69A9F-D690-4314-B30B-08CEBC4FFC86}"
EndProject
Global
	GlobalSection(SolutionConfigurationPlatforms) = preSolution
		Debug|x64 = Debug|x64
		Debug|x86 = Debug|x86
		Release|x64 = Release|x64
		Release|x86 = Release|x86
	EndGlobalSection
	GlobalSection(ProjectConfigurationPlatforms) = postSolution
		{27E8217B-D3D3-473D-A4BC-E109CFA080A5}.Debug|x64.ActiveCfg = Debug|x64
		{27E8217B-D3D3-473D-A4BC-E109CFA080A5}.Debug|x64.Build.0 = Debug|x64
		{27E8217B-D3D3-473D-A4BC-E109CFA080A5}.Debug|x86.ActiveCfg = Debug|Win32
		{27E8217B-D3D3-473D-A4BC-E109CFA080A5}.Debug|x86.Build.0 = Debug|Win32
		{27E8217B-D3D3-473D-A4BC-E109CFA080A5}.Release|x64.ActiveCfg = Release|x64
		{27E8217B-D3D3-473D-A4BC-E109CFA080A5}.Release|x64.Build.0 = Release|x64
		{27E8217B-D3D3-473D-A4BC-E109CFA080A5}.Release|x86.ActiveCfg = Release|Win32
		{27E8217B-D3D3-473D-A4BC-E109CFA080A5}.Release|x86.Build.0 = Release|Win32
		{1438BBCF-60D1-4890-BB91-F5F48CBA247B}.Debug|x64.ActiveCfg = Debug|x64
		{1438BBCF-60D1-4890-BB91-F5F48CBA247B}.Debug|x64.Build.0 = Debug|x64
		{1438BBCF-60D1-4890-BB91-F5F48CBA247B}.Debug|x86.ActiveCfg = Debug|Win32
		{1438BBCF-60D1-4890-BB91-F5F48CBA247B}.Debug|x86.Build.0 = Debug|Win32
		{1438BBCF-60D1-4890-BB91-F5F48CBA247B}.Release|x64.ActiveCfg = Release|x64
		{1438BBCF-60D1-4890-BB91-F5F48CBA247B}.Release|x64.Build.0 = Release|x64
		{1438BBCF-60D1-4890-BB91-F5F48CBA247B}.Release|x86.ActiveCfg = Release|Win32
		{1438BBCF-60D1-4890-BB91-F5F48CBA247B}.Release|x86.Build.0 = Release|Win32
		{7121D73A-E747-4CFB-857A-D7E0EA891037}.Debug|x64.ActiveCfg = Debug|x64
		{7121D73A-E747-4CFB-857A-D7E0EA891037}.Debug|x64.Build.0 = Debug|x64
		{7121D73A-E747-4CFB-857A-D7E0EA891037}.Debug|x86.ActiveCfg = Debug|Win32
		{7121D73A-E747-4CFB-857A-D7E0EA891037}.Debug|x86.Build.0 = Debug|Win32
		{7121D73A-E747-4CFB-857A-D7E0EA891037}.Release|x64.ActiveCfg = Release|x64
		{7121D73A-E747-4CFB-857A-D7E0EA891037}.Release|x64.Build.0 = Release|x64
		{7121D73A-E747-4CFB-857A-D7E0EA891037}.Release|x86.ActiveCfg = Release|Win32
		{7121D73A-E747-4CFB-857A-D7E0EA891037}.Release|x86.Build.0 = Release|Win32
		{DA2B0F5D-9F51-42F6-86DC-DB107B841C1B}.Debug|x64.ActiveCfg = Debug|x64
		{DA2B0F5D-9F51-42F6-86DC-DB107B841C1B}.Debug|x64.Build.0 = Debug|x64
		{DA2B0F5D-9F51-42F6-86DC-DB107B841C1B}.Debug|x86.ActiveCfg = Debug|Win32
		{DA2B0F5D-9F51-42F6-86DC-DB107B841C1B}.Debug|x86.Build.0 = Debug|Win32
		{DA2B0F5D-9F51-42F6-86DC-DB107B841C1B}.Release|x64.ActiveCfg = Release|x64
		{DA2B0F5D-9F51-42F6-86DC-DB107B841C1B}.Release|x64.Build.0 = Release|x64
		{DA2B0F5D-9F51-42F6-86DC-DB107B841C1B}.Release|x86.ActiveCfg = Release|Win32
		{DA2B0F5D-9F51-42F6-86DC-DB107B841C1B}.Release|x86.Build.0 = Release|Win32
		{230AEE78-6E0C-4862-BA36-E90FB0FA4F82}.Debug|x64.ActiveCfg = Debug|x64
		{230AEE78-6E0C-4862-BA36-E90FB0FA4F82}.Debug|x64.Build.0 = Debug|x64
		{230AEE78-6E0C-4862-BA36-E90FB0FA4F82}.Debug|x86.ActiveCfg = Debug|Win32
		{230AEE78-6E0C-4862-BA36-E90FB0FA4F82}.Debug|x86.Build.0 = Debug|Win32
		{230AEE78-6E0C-4862-BA36-E90FB0FA4F82}.Release|x64.ActiveCfg = Release|x64
		{230AEE78-6E0C-4862-BA36-E90FB0FA4F82}.Release|x64.Build.0 = Release|x64
		{230AEE78-6E0C-4862-BA36-E90FB0FA4F82}.Release|x86.ActiveCfg = Release|Win32
		{230AEE78-6E0C-4862-BA36-E90FB0FA4F82}.Release|x86.Build.0 = Release|Win32
		{8512524F-1C85-470C-8CB9-CCEFFF402986}.Debug|x64.ActiveCfg = Debug|x64
		{8512524F-1C85-470C-8CB9-CCEFFF402986}.Debug|x64.Build.0 = Debug|x64
		{8512524F-1C85-470C-8CB9-CCEFFF402986}.Debug|x86.ActiveCfg = Debug|Win32
		{8512524F-1C85-470C-8CB9-CCEFFF402986}.Debug|x86.Build.0 = Debug|Win32
		{8512524F-1C85-470C-8CB9-CCEFFF402986}.Release|x64.ActiveCfg = Release|x64
		{8512524F-1C85-470C-8CB9-CCEFFF402986}.Release|x64.Build.0 = Release|x64
		{8512524F-1C85-470C-8CB9-CCEFFF402986}.Release|x86.ActiveCfg = Release|Win32
		{8512524F-1C85-470C-8CB9-CCEFFF402986}.Release|x86.Build.0 = Release|Win32
		{D705A8BC-ED7B-4226-B0D9-0258A9966B73}.Debug|x64.ActiveCfg = Debug|x64
		{D705A8BC-ED7B-4226-B0D9-0258A9966B73}.Debug|x64.Build.0 = Debug|x64
		{D705A8BC-ED7B-4226-B0D9-0258A9966B73}.Debug|x86.ActiveCfg = Debug|Win32
		{D705A8BC-ED7B-4226-B0D9-0258A9966B73}.Debug|x86.Build.0 = Debug|Win32
		{D705A8BC-ED7B-4226-B0D9-0258A9966B73}.Release|x64.ActiveCfg = Release|x64
		{D705A8BC-ED7B-4226-B0D9-0258A9966B73}.Release|x64.Build.0 = Release|x64
		{D705A8BC-ED7B-4226-B0D9-0258A9966B73}.Release|x86.ActiveCfg = Release|Win32
		{D705A8BC-ED7B-4226-B0D9-0258A9966B73}.Release|x86.Build.0 = Release|Win32
		{B55EF63E-3C2D-4589-A036-291B6B4E8E17}.Debug|x64.ActiveCfg = Debug|x64
		{B55EF63E-3C2D-4589-A036-291B6B4E8E17}.Debug|x64.Build.0 = Debug|x64
		{B55EF63E-3C2D-4589-A036-291B6B4E8E17}.Debug|x86.ActiveCfg = Debug|Win32
		{B55EF63E-3C2D-4589-A036-291B6B4E8E17}.Debug|x86.Build.0 = Debug|Win32
		{B55EF63E-3C2D-4589-A036-291B6B4E8E17}.Release|x64.ActiveCfg = Release|x64
		{B55EF63E-3C2D-4589-A036-291B6B4E8E17}.Release|x64.Build.0 = Release|x64
		{B55EF63E-3C2D-4589-A036-291B6B4E8E17}.Release|x86.ActiveCfg = Release|Win32
		{B55EF63E-3C2D-4589-A036-291B6B4E8E17}.Release|x86.Build.0 = Release|Win32
		{92D9869E-0371-497E-BA7F-167FEC9F99FC}.Debug|x64.ActiveCfg = Debug|x64
		{92D9869E-0371-497E-BA7F-167FEC9F99FC}.Debug|x64.Build.0 = Debug|x64
		{92D9869E-0371-497E-BA7F-167FEC9F99FC}.Debug|x86.ActiveCfg = Debug|Win32
		{92D9869E-0371-497E-BA7F-167FEC9F99FC}.Debug|x86.Build.0 = Debug|Win32
		{92D9869E-0371-497E-BA7F-167FEC9F99FC}.Release|x64.ActiveCfg = Release|x64
		{92D9869E-0371-497E-BA7F-167FEC9F99FC}.Release|x64.Build.0 = Release|x64
		{92D9869E-0371-497E-BA7F-167FEC9F99FC}.Release|x86.ActiveCfg = Release|Win32
		{92D9869E-0371-497E-BA7F-167FEC9F99FC}.Release|x86.Build.0 = Release|Win32
		{D4E98248-BA23-4FEB-BEB1-A36C613C91DE}.Debug|x64.ActiveCfg = Debug|x64
		{D4E98248-BA23-4FEB-BEB1-A36C613C91DE}.Debug|x64.Build.0 = Debug|x64
		{D4E98248-BA23-4FEB-BEB1-A36C613C91DE}.Debug|x86.ActiveCfg = Debug|Win32
		{D4E98248-BA23-4FEB-BEB1-A36C613C91DE}.Debug|x86.Build.0 = Debug|Win32
		{D4E98248-BA23-4FEB-BEB1-A36C613C91DE}.Release|x64.ActiveCfg = Release|x64
		{D4E98248-BA23-4FEB-BEB1-A36C613C91DE}.Release|x64.Build.0 = Release|x64
		{D4E98248-BA23-4FEB-BEB1-A36C613C91DE}.Release|x86.ActiveCfg = Release|Win32
		{D4E98248-BA23-4FEB-BEB1-A36C613C91DE}.Release|x86.Build.0 = Release|Win32
		{C1BAEBC0-8860-42C1-923C-D8BF30C577E3}.Debug|x64.ActiveCfg = Debug|x64
		{C1BAEBC0-8860-42C1-923C-D8BF30C577E3}.Debug|x64.Build.0 = Debug|x64
		{C1BAEBC0-8860-42C1-923C-D8BF30C577E3}.Debug|x86.ActiveCfg = Debug|Win32
		{C1BAEBC0-8860-42C1-923C-D8BF30C577E3}.Debug|x86.Build.0 = Debug|Win32
		{C1BAEBC0-8860-42C1-923C-D8BF30C577E3}.Release|x64.ActiveCfg = Release|x64
		{C1BAEBC0-8860-42C1-923C-D8BF30C577E3}.Release|x64.Build.0 = Release|x64
		{C1BAEBC0-8860-42C1-923C-D8BF30C577E3}.Release|x86.ActiveCfg = Release|Win32
		{C1BAEBC0-8860-42C1-923C-D8BF30C577E3}.Release|x86.Build.0 = Release|Win32
		{984EE498-4A39-4989-A529-356995B6D226}.Debug|x64.ActiveCfg = Debug|x64
		{984EE498-4A39-4989-A529-356995B6D226}.Debug|x64.Build.0 = Debug|x64
		{984EE498-4A39-4989-A529-356995B6D226}.Debug|x86.ActiveCfg = Debug|Win32
		{984EE498-4A39-4989-A529-356995B6D226}.Debug|x86.Build.0 = Debug|Win32
		{984EE498-4A39-4989-A529-356995B6D226}.Release|x64.ActiveCfg = Release|x64
		{984EE498-4A39-4989-A529-356995B6D226}.Release|x64.Build.0 = Release|x64
		{984EE498-4A39-4989-A529-356995B6D226}.Release|x86.ActiveCfg = Release|Win32
		{984EE498-4A39-4989-A529-356995B6D226}.Release|x86.Build.0 = Release|Win32
		{25F4BBAD-5A86-4D37-8498-4D066ABAFBD2}.Debug|x64.ActiveCfg = Debug|x64
		{25F4BBAD-5A86-4D37-8498-4D066ABAFBD2}.Debug|x64.Build.0 = Debug|x64
		{25F4BBAD-5A86-4D37-8498-4D066ABAFBD2}.Debug|x86.ActiveCfg = Debug|Win32
		{25F4BBAD-5A86-4D37-8498-4D066ABAFBD2}.Debug|x86.Build.0 = Debug|Win32
		{25F4BBAD-5A86-4D37-8498-4D066ABAFBD2}.Release|x64.ActiveCfg = Release|x64
		{25F4BBAD-5A86-4D37-8498-4D066ABAFBD2}.Release|x64.Build.0 = Release|x64
		{25F4BBAD-5A86-4D37-8498-4D066ABAFBD2}.Release|x86.ActiveCfg = Release|Win32
		{25F4BBAD-5A86-4D37-8498-4D066ABAFBD2}.Release|x86.Build.0 = Release|Win32
		{6E85A22D-5047-4EE9-94F3-F58D055CF48A}.Debug|x64.ActiveCfg = Debug|x64
		{6E85A22D-5047-4EE9-94F3-F58D055CF48A}.Debug|x64.Build.0 = Debug|x64
		{6E85A22D-5047-4EE9-94F3-F58D055CF48A}.Debug|x86.ActiveCfg = Debug|Win32
		{6E85A22D-5047-4EE9-94F3-F58D055CF48A}.Debug|x86.Build.0 = Debug|Win32
		{6E85A22D-5047-4EE9-94F3-F58D055CF48A}.Release|x64.ActiveCfg = Release|x64
		{6E85A22D-5047-4EE9-94F3-F58D055CF48A}.Release|x64.Build.0 = Release|x64
		{6E85A22D-5047-4EE9-94F3-F58D055CF48A}.Release|x86.ActiveCfg = Release|Win32
		{6E85A22D-5047-4EE9-94F3-F58D055CF48A}.Release|x86.Build.0 = Release|Win32
		{53F69A9F-D690-4314-B30B-08CEBC4FFC86}.Debug|x64.ActiveCfg = Debug|x64
		{53F69A9F-D690-4314-B30B-08CEBC4FFC86}.Debug|x64.Build.0 = Debug|x64
		{53F69A9F-D690-4314-B30B-08CEBC4FFC86}.Debug|x86.ActiveCfg = Debug|Win32
		{53F69A9F-D690-4314-B30B-08CEBC4FFC86}.Debug|x86.Build.0 = Debug|Win32
		{53F69A9F-D690-4314-B30B-08CEBC4FFC86}.Release|x64.ActiveCfg = Release|x64
		{53F69A9F-D690-4314-B30B-08CEBC4FFC86}.Release|x64.Build.0 = Release|x64
		{53F69A9F-D690-4314-B30B-08CEBC4FFC86}.Release|x86.ActiveCfg = Release|Win32
		{53F69A9F-D690-4314-B30B-08CEBC4FFC86}.Release|x86.Build.0 = Release|Win32
	EndGlobalSection
	GlobalSection(SolutionProperties) = preSolution
		HideSolutionNode = FALSE
	EndGlobalSection
	GlobalSection(NestedProjects) = preSolution
		{1438BBCF-60D1-4890-BB91-F5F48CBA247B} = {8D781D6B-C2D4-45E8-BCE0-7DBE56E7E5A5}
		{7121D73A-E747-4CFB-857A-D7E0EA891037} = {A26B50F7-BA69-4C3B-A506-5AC0E1BE07BE}
		{DA2B0F5D-9F51-42F6-86DC-DB107B841C1B} = {A26B50F7-BA69-4C3B-A506-5AC0E1BE07BE}
		{230AEE78-6E0C-4862-BA36-E90FB0FA4F82} = {80DAF309-1CF9-4CF8-8D0C-413A79E8CEED}
		{8512524F-1C85-470C-8CB9-CCEFFF402986} = {80DAF309-1CF9-4CF8-8D0C-413A79E8CEED}
		{D705A8BC-ED7B-4226-B0D9-0258A9966B73} = {80DAF309-1CF9-4CF8-8D0C-413A79E8CEED}
		{B55EF63E-3C2D-4589-A036-291B6B4E8E17} = {80DAF309-1CF9-4CF8-8D0C-413A79E8CEED}
		{92D9869E-0371-497E-BA7F-167FEC9F99FC} = {B718C4E0-754E-43AB-AB74-A59CBE4404EB}
		{D4E98248-BA23-4FEB-BEB1-A36C613C91DE} = {B718C4E0-754E-43AB-AB74-A59CBE4404EB}
		{C1BAEBC0-8860-42C1-923C-D8BF30C577E3} = {B718C4E0-754E-43AB-AB74-A59CBE4404EB}
		{984EE498-4A39-4989-A529-356995B6D226} = {B718C4E0-754E-43AB-AB74-A59CBE4404EB}
		{25F4BBAD-5A86-4D37-8498-4D066ABAFBD2} = {B718C4E0-754E-43AB-AB74-A59CBE4404EB}
		{6E85A22D-5047-4EE9-94F3-F58D055CF48A} = {1FF7400B-B30F-499C-A6F4-E21A1096182E}
		{53F69A9F-D690-4314-B30B-08CEBC4FFC86} = {1FF7400B-B30F-499C-A6F4-E21A1096182E}
	EndGlobalSection
EndGlobal
