
Microsoft Visual Studio Solution File, Format Version 12.00
# Visual Studio 14
VisualStudioVersion = 14.0.24720.0
MinimumVisualStudioVersion = 10.0.40219.1
Project("{8BC9CEB8-8B4A-11D0-8D11-00A0C91BC942}") = "MyOpenCV31Lab", "MyOpenCV31Lab\MyOpenCV31Lab.vcxproj", "{27E8217B-D3D3-473D-A4BC-E109CFA080A5}"
EndProject
Project("{8BC9CEB8-8B4A-11D0-8D11-00A0C91BC942}") = "LoadImg", "LoadImg\LoadImg.vcxproj", "{1438BBCF-60D1-4890-BB91-F5F48CBA247B}"
EndProject
Project("{2150E333-8FDC-42A3-9474-1A3956D46DE8}") = "01 OpenCV Basic", "01 OpenCV Basic", "{8D781D6B-C2D4-45E8-BCE0-7DBE56E7E5A5}"
EndProject
Project("{2150E333-8FDC-42A3-9474-1A3956D46DE8}") = "02 Image data structure", "02 Image data structure", "{A26B50F7-BA69-4C3B-A506-5AC0E1BE07BE}"
EndProject
Project("{8BC9CEB8-8B4A-11D0-8D11-00A0C91BC942}") = "RowRangeDemo", "RowRangeDemo\RowRangeDemo.vcxproj", "{7121D73A-E747-4CFB-857A-D7E0EA891037}"
EndProject
Project("{2150E333-8FDC-42A3-9474-1A3956D46DE8}") = "03 Image basic operations", "03 Image basic operations", "{80DAF309-1CF9-4CF8-8D0C-413A79E8CEED}"
EndProject
Project("{8BC9CEB8-8B4A-11D0-8D11-00A0C91BC942}") = "KmeansDemo", "KmeansDemo\KmeansDemo.vcxproj", "{DA2B0F5D-9F51-42F6-86DC-DB107B841C1B}"
EndProject
Project("{8BC9CEB8-8B4A-11D0-8D11-00A0C91BC942}") = "MatDataDemo", "MatDataDemo\MatDataDemo.vcxproj", "{230AEE78-6E0C-4862-BA36-E90FB0FA4F82}"
EndProject
Project("{8BC9CEB8-8B4A-11D0-8D11-00A0C91BC942}") = "RGB2GrayDemo", "RGB2GrayDemo\RGB2GrayDemo.vcxproj", "{8512524F-1C85-470C-8CB9-CCEFFF402986}"
EndProject
Project("{8BC9CEB8-8B4A-11D0-8D11-00A0C91BC942}") = "SplitMergeDemo", "SplitMergeDemo\SplitMergeDemo.vcxproj", "{D705A8BC-ED7B-4226-B0D9-0258A9966B73}"
EndProject
Project("{8BC9CEB8-8B4A-11D0-8D11-00A0C91BC942}") = "DrawLinesDemo", "DrawLinesDemo\DrawLinesDemo.vcxproj", "{B55EF63E-3C2D-4589-A036-291B6B4E8E17}"
EndProject
Project("{2150E333-8FDC-42A3-9474-1A3956D46DE8}") = "04 Vedio and Camera", "04 Vedio and Camera", "{B718C4E0-754E-43AB-AB74-A59CBE4404EB}"
EndProject
Project("{8BC9CEB8-8B4A-11D0-8D11-00A0C91BC942}") = "CaptureDemo", "CaptureDemo\CaptureDemo.vcxproj", "{92D9869E-0371-497E-BA7F-167FEC9F99FC}"
EndProject
Project("{8BC9CEB8-8B4A-11D0-8D11-00A0C91BC942}") = "VideoCaptureDemo", "VideoCaptureDemo\VideoCaptureDemo.vcxproj", "{D4E98248-BA23-4FEB-BEB1-A36C613C91DE}"
EndProject
Project("{8BC9CEB8-8B4A-11D0-8D11-00A0C91BC942}") = "VideoReaderDemo", "VideoReaderDemo\VideoReaderDemo.vcxproj", "{C1BAEBC0-8860-42C1-923C-D8BF30C577E3}"
EndProject
Project("{8BC9CEB8-8B4A-11D0-8D11-00A0C91BC942}") = "VideoWriterDemo", "VideoWriterDemo\VideoWriterDemo.vcxproj", "{984EE498-4A39-4989-A529-356995B6D226}"
EndProject
Project("{8BC9CEB8-8B4A-11D0-8D11-00A0C91BC942}") = "TrackbarDemo", "TrackbarDemo\TrackbarDemo.vcxproj", "{25F4BBAD-5A86-4D37-8498-4D066ABAFBD2}"
EndProject
Project("{2150E333-8FDC-42A3-9474-1A3956D46DE8}") = "05 UI operations", "05 UI operations", "{1FF7400B-B30F-499C-A6F4-E21A1096182E}"
EndProject
Project("{8BC9CEB8-8B4A-11D0-8D11-00A0C91BC942}") = "ColorInRangeDemo", "ColorInRangeDemo\ColorInRangeDemo.vcxproj", "{6E85A22D-5047-4EE9-94F3-F58D055CF48A}"
EndProject
Project("{8BC9CEB8-8B4A-11D0-8D11-00A0C91BC942}") = "MouseClickDemo", "MouseClickDemo\MouseClickDemo.vcxproj", "{53F69A9F-D690-4314-B30B-08CEBC4FFC86}"
EndProject
Project("{8BC9CEB8-8B4A-11D0-8D11-00A0C91BC942}") = "AdjContrastDemo", "AdjContrastDemo\AdjContrastDemo.vcxproj", "{376194AF-D632-4E73-8E8D-50495ECD11CE}"
EndProject
Project("{8BC9CEB8-8B4A-11D0-8D11-00A0C91BC942}") = "AddWeightedDemo", "AddWeightedDemo\AddWeightedDemo.vcxproj", "{A619FCE3-5764-4D12-8884-3301361F7082}"
EndProject
Project("{8BC9CEB8-8B4A-11D0-8D11-00A0C91BC942}") = "AdaptiveThresholdDemo", "AdaptiveThresholdDemo\AdaptiveThresholdDemo.vcxproj", "{6792B7B6-B7DF-4A32-A1A4-9B64A992D6C2}"
EndProject
Project("{2150E333-8FDC-42A3-9474-1A3956D46DE8}") = "06 Thresholding", "06 Thresholding", "{EBFCEFD2-603C-4DFC-8249-4359D8A21954}"
EndProject
Project("{8BC9CEB8-8B4A-11D0-8D11-00A0C91BC942}") = "DilationErosionDemo", "DilationErosionDemo\DilationErosionDemo.vcxproj", "{0880E2FE-FF2B-4A25-8D52-8E75E70B41A4}"
EndProject
Project("{2150E333-8FDC-42A3-9474-1A3956D46DE8}") = "07 Contour", "07 Contour", "{01308A3F-3894-485B-AA36-AC1466AD30E2}"
EndProject
Project("{8BC9CEB8-8B4A-11D0-8D11-00A0C91BC942}") = "CannyDemo", "CannyDemo\CannyDemo.vcxproj", "{1E42507C-BC89-4D70-9CE5-C7EEE590AAE2}"
EndProject
Project("{8BC9CEB8-8B4A-11D0-8D11-00A0C91BC942}") = "SobelDemo", "SobelDemo\SobelDemo.vcxproj", "{6B13AC79-037C-4E95-905D-0FEF7AC397C9}"
EndProject
Project("{8BC9CEB8-8B4A-11D0-8D11-00A0C91BC942}") = "ContourDemo1", "ContourDemo1\ContourDemo1.vcxproj", "{189CB3A7-7FE4-46AA-9550-32F107871771}"
EndProject
Project("{8BC9CEB8-8B4A-11D0-8D11-00A0C91BC942}") = "ContourDemo2", "ContourDemo2\ContourDemo2.vcxproj", "{08C33575-CB2E-4E54-9972-1B89F9DDE4FC}"
EndProject
Project("{8BC9CEB8-8B4A-11D0-8D11-00A0C91BC942}") = "ContourDemo3", "ContourDemo3\ContourDemo3.vcxproj", "{16E122CF-4DB9-43F5-B936-D61CC39DF03D}"
EndProject
Project("{8BC9CEB8-8B4A-11D0-8D11-00A0C91BC942}") = "ContourDemo4", "ContourDemo4\ContourDemo4.vcxproj", "{F938F82D-EFF8-472E-B4A6-C3AB602AAAE2}"
EndProject
Project("{2150E333-8FDC-42A3-9474-1A3956D46DE8}") = "08 Enhance", "08 Enhance", "{49A11FA3-CA72-47BE-9CB0-1E9118F30A60}"
EndProject
Project("{8BC9CEB8-8B4A-11D0-8D11-00A0C91BC942}") = "Filter2DDemo", "Filter2DDemo\Filter2DDemo.vcxproj", "{B2AF714B-FB3D-414F-AA83-088243C8C429}"
EndProject
Project("{2150E333-8FDC-42A3-9474-1A3956D46DE8}") = "09 Geometric Transformations", "09 Geometric Transformations", "{AA1F0273-3CCA-4C1C-8019-06578D9EC3F9}"
EndProject
Project("{8BC9CEB8-8B4A-11D0-8D11-00A0C91BC942}") = "RemapDemo", "RemapDemo\RemapDemo.vcxproj", "{785BC539-2C38-4443-9634-2C1BE3ADD3AB}"
EndProject
Project("{8BC9CEB8-8B4A-11D0-8D11-00A0C91BC942}") = "SharpenImgDemo", "SharpenImgDemo\SharpenImgDemo.vcxproj", "{718DFB65-654C-41F7-B6E8-F3DD6D1D4A5A}"
EndProject
Global
	GlobalSection(SolutionConfigurationPlatforms) = preSolution
		Debug|x64 = Debug|x64
		Debug|x86 = Debug|x86
		Release|x64 = Release|x64
		Release|x86 = Release|x86
	EndGlobalSection
	GlobalSection(ProjectConfigurationPlatforms) = postSolution
		{27E8217B-D3D3-473D-A4BC-E109CFA080A5}.Debug|x64.ActiveCfg = Debug|x64
		{27E8217B-D3D3-473D-A4BC-E109CFA080A5}.Debug|x64.Build.0 = Debug|x64
		{27E8217B-D3D3-473D-A4BC-E109CFA080A5}.Debug|x86.ActiveCfg = Debug|Win32
		{27E8217B-D3D3-473D-A4BC-E109CFA080A5}.Debug|x86.Build.0 = Debug|Win32
		{27E8217B-D3D3-473D-A4BC-E109CFA080A5}.Release|x64.ActiveCfg = Release|x64
		{27E8217B-D3D3-473D-A4BC-E109CFA080A5}.Release|x64.Build.0 = Release|x64
		{27E8217B-D3D3-473D-A4BC-E109CFA080A5}.Release|x86.ActiveCfg = Release|Win32
		{27E8217B-D3D3-473D-A4BC-E109CFA080A5}.Release|x86.Build.0 = Release|Win32
		{1438BBCF-60D1-4890-BB91-F5F48CBA247B}.Debug|x64.ActiveCfg = Debug|x64
		{1438BBCF-60D1-4890-BB91-F5F48CBA247B}.Debug|x64.Build.0 = Debug|x64
		{1438BBCF-60D1-4890-BB91-F5F48CBA247B}.Debug|x86.ActiveCfg = Debug|Win32
		{1438BBCF-60D1-4890-BB91-F5F48CBA247B}.Debug|x86.Build.0 = Debug|Win32
		{1438BBCF-60D1-4890-BB91-F5F48CBA247B}.Release|x64.ActiveCfg = Release|x64
		{1438BBCF-60D1-4890-BB91-F5F48CBA247B}.Release|x64.Build.0 = Release|x64
		{1438BBCF-60D1-4890-BB91-F5F48CBA247B}.Release|x86.ActiveCfg = Release|Win32
		{1438BBCF-60D1-4890-BB91-F5F48CBA247B}.Release|x86.Build.0 = Release|Win32
		{7121D73A-E747-4CFB-857A-D7E0EA891037}.Debug|x64.ActiveCfg = Debug|x64
		{7121D73A-E747-4CFB-857A-D7E0EA891037}.Debug|x64.Build.0 = Debug|x64
		{7121D73A-E747-4CFB-857A-D7E0EA891037}.Debug|x86.ActiveCfg = Debug|Win32
		{7121D73A-E747-4CFB-857A-D7E0EA891037}.Debug|x86.Build.0 = Debug|Win32
		{7121D73A-E747-4CFB-857A-D7E0EA891037}.Release|x64.ActiveCfg = Release|x64
		{7121D73A-E747-4CFB-857A-D7E0EA891037}.Release|x64.Build.0 = Release|x64
		{7121D73A-E747-4CFB-857A-D7E0EA891037}.Release|x86.ActiveCfg = Release|Win32
		{7121D73A-E747-4CFB-857A-D7E0EA891037}.Release|x86.Build.0 = Release|Win32
		{DA2B0F5D-9F51-42F6-86DC-DB107B841C1B}.Debug|x64.ActiveCfg = Debug|x64
		{DA2B0F5D-9F51-42F6-86DC-DB107B841C1B}.Debug|x64.Build.0 = Debug|x64
		{DA2B0F5D-9F51-42F6-86DC-DB107B841C1B}.Debug|x86.ActiveCfg = Debug|Win32
		{DA2B0F5D-9F51-42F6-86DC-DB107B841C1B}.Debug|x86.Build.0 = Debug|Win32
		{DA2B0F5D-9F51-42F6-86DC-DB107B841C1B}.Release|x64.ActiveCfg = Release|x64
		{DA2B0F5D-9F51-42F6-86DC-DB107B841C1B}.Release|x64.Build.0 = Release|x64
		{DA2B0F5D-9F51-42F6-86DC-DB107B841C1B}.Release|x86.ActiveCfg = Release|Win32
		{DA2B0F5D-9F51-42F6-86DC-DB107B841C1B}.Release|x86.Build.0 = Release|Win32
		{230AEE78-6E0C-4862-BA36-E90FB0FA4F82}.Debug|x64.ActiveCfg = Debug|x64
		{230AEE78-6E0C-4862-BA36-E90FB0FA4F82}.Debug|x64.Build.0 = Debug|x64
		{230AEE78-6E0C-4862-BA36-E90FB0FA4F82}.Debug|x86.ActiveCfg = Debug|Win32
		{230AEE78-6E0C-4862-BA36-E90FB0FA4F82}.Debug|x86.Build.0 = Debug|Win32
		{230AEE78-6E0C-4862-BA36-E90FB0FA4F82}.Release|x64.ActiveCfg = Release|x64
		{230AEE78-6E0C-4862-BA36-E90FB0FA4F82}.Release|x64.Build.0 = Release|x64
		{230AEE78-6E0C-4862-BA36-E90FB0FA4F82}.Release|x86.ActiveCfg = Release|Win32
		{230AEE78-6E0C-4862-BA36-E90FB0FA4F82}.Release|x86.Build.0 = Release|Win32
		{8512524F-1C85-470C-8CB9-CCEFFF402986}.Debug|x64.ActiveCfg = Debug|x64
		{8512524F-1C85-470C-8CB9-CCEFFF402986}.Debug|x64.Build.0 = Debug|x64
		{8512524F-1C85-470C-8CB9-CCEFFF402986}.Debug|x86.ActiveCfg = Debug|Win32
		{8512524F-1C85-470C-8CB9-CCEFFF402986}.Debug|x86.Build.0 = Debug|Win32
		{8512524F-1C85-470C-8CB9-CCEFFF402986}.Release|x64.ActiveCfg = Release|x64
		{8512524F-1C85-470C-8CB9-CCEFFF402986}.Release|x64.Build.0 = Release|x64
		{8512524F-1C85-470C-8CB9-CCEFFF402986}.Release|x86.ActiveCfg = Release|Win32
		{8512524F-1C85-470C-8CB9-CCEFFF402986}.Release|x86.Build.0 = Release|Win32
		{D705A8BC-ED7B-4226-B0D9-0258A9966B73}.Debug|x64.ActiveCfg = Debug|x64
		{D705A8BC-ED7B-4226-B0D9-0258A9966B73}.Debug|x64.Build.0 = Debug|x64
		{D705A8BC-ED7B-4226-B0D9-0258A9966B73}.Debug|x86.ActiveCfg = Debug|Win32
		{D705A8BC-ED7B-4226-B0D9-0258A9966B73}.Debug|x86.Build.0 = Debug|Win32
		{D705A8BC-ED7B-4226-B0D9-0258A9966B73}.Release|x64.ActiveCfg = Release|x64
		{D705A8BC-ED7B-4226-B0D9-0258A9966B73}.Release|x64.Build.0 = Release|x64
		{D705A8BC-ED7B-4226-B0D9-0258A9966B73}.Release|x86.ActiveCfg = Release|Win32
		{D705A8BC-ED7B-4226-B0D9-0258A9966B73}.Release|x86.Build.0 = Release|Win32
		{B55EF63E-3C2D-4589-A036-291B6B4E8E17}.Debug|x64.ActiveCfg = Debug|x64
		{B55EF63E-3C2D-4589-A036-291B6B4E8E17}.Debug|x64.Build.0 = Debug|x64
		{B55EF63E-3C2D-4589-A036-291B6B4E8E17}.Debug|x86.ActiveCfg = Debug|Win32
		{B55EF63E-3C2D-4589-A036-291B6B4E8E17}.Debug|x86.Build.0 = Debug|Win32
		{B55EF63E-3C2D-4589-A036-291B6B4E8E17}.Release|x64.ActiveCfg = Release|x64
		{B55EF63E-3C2D-4589-A036-291B6B4E8E17}.Release|x64.Build.0 = Release|x64
		{B55EF63E-3C2D-4589-A036-291B6B4E8E17}.Release|x86.ActiveCfg = Release|Win32
		{B55EF63E-3C2D-4589-A036-291B6B4E8E17}.Release|x86.Build.0 = Release|Win32
		{92D9869E-0371-497E-BA7F-167FEC9F99FC}.Debug|x64.ActiveCfg = Debug|x64
		{92D9869E-0371-497E-BA7F-167FEC9F99FC}.Debug|x64.Build.0 = Debug|x64
		{92D9869E-0371-497E-BA7F-167FEC9F99FC}.Debug|x86.ActiveCfg = Debug|Win32
		{92D9869E-0371-497E-BA7F-167FEC9F99FC}.Debug|x86.Build.0 = Debug|Win32
		{92D9869E-0371-497E-BA7F-167FEC9F99FC}.Release|x64.ActiveCfg = Release|x64
		{92D9869E-0371-497E-BA7F-167FEC9F99FC}.Release|x64.Build.0 = Release|x64
		{92D9869E-0371-497E-BA7F-167FEC9F99FC}.Release|x86.ActiveCfg = Release|Win32
		{92D9869E-0371-497E-BA7F-167FEC9F99FC}.Release|x86.Build.0 = Release|Win32
		{D4E98248-BA23-4FEB-BEB1-A36C613C91DE}.Debug|x64.ActiveCfg = Debug|x64
		{D4E98248-BA23-4FEB-BEB1-A36C613C91DE}.Debug|x64.Build.0 = Debug|x64
		{D4E98248-BA23-4FEB-BEB1-A36C613C91DE}.Debug|x86.ActiveCfg = Debug|Win32
		{D4E98248-BA23-4FEB-BEB1-A36C613C91DE}.Debug|x86.Build.0 = Debug|Win32
		{D4E98248-BA23-4FEB-BEB1-A36C613C91DE}.Release|x64.ActiveCfg = Release|x64
		{D4E98248-BA23-4FEB-BEB1-A36C613C91DE}.Release|x64.Build.0 = Release|x64
		{D4E98248-BA23-4FEB-BEB1-A36C613C91DE}.Release|x86.ActiveCfg = Release|Win32
		{D4E98248-BA23-4FEB-BEB1-A36C613C91DE}.Release|x86.Build.0 = Release|Win32
		{C1BAEBC0-8860-42C1-923C-D8BF30C577E3}.Debug|x64.ActiveCfg = Debug|x64
		{C1BAEBC0-8860-42C1-923C-D8BF30C577E3}.Debug|x64.Build.0 = Debug|x64
		{C1BAEBC0-8860-42C1-923C-D8BF30C577E3}.Debug|x86.ActiveCfg = Debug|Win32
		{C1BAEBC0-8860-42C1-923C-D8BF30C577E3}.Debug|x86.Build.0 = Debug|Win32
		{C1BAEBC0-8860-42C1-923C-D8BF30C577E3}.Release|x64.ActiveCfg = Release|x64
		{C1BAEBC0-8860-42C1-923C-D8BF30C577E3}.Release|x64.Build.0 = Release|x64
		{C1BAEBC0-8860-42C1-923C-D8BF30C577E3}.Release|x86.ActiveCfg = Release|Win32
		{C1BAEBC0-8860-42C1-923C-D8BF30C577E3}.Release|x86.Build.0 = Release|Win32
		{984EE498-4A39-4989-A529-356995B6D226}.Debug|x64.ActiveCfg = Debug|x64
		{984EE498-4A39-4989-A529-356995B6D226}.Debug|x64.Build.0 = Debug|x64
		{984EE498-4A39-4989-A529-356995B6D226}.Debug|x86.ActiveCfg = Debug|Win32
		{984EE498-4A39-4989-A529-356995B6D226}.Debug|x86.Build.0 = Debug|Win32
		{984EE498-4A39-4989-A529-356995B6D226}.Release|x64.ActiveCfg = Release|x64
		{984EE498-4A39-4989-A529-356995B6D226}.Release|x64.Build.0 = Release|x64
		{984EE498-4A39-4989-A529-356995B6D226}.Release|x86.ActiveCfg = Release|Win32
		{984EE498-4A39-4989-A529-356995B6D226}.Release|x86.Build.0 = Release|Win32
		{25F4BBAD-5A86-4D37-8498-4D066ABAFBD2}.Debug|x64.ActiveCfg = Debug|x64
		{25F4BBAD-5A86-4D37-8498-4D066ABAFBD2}.Debug|x64.Build.0 = Debug|x64
		{25F4BBAD-5A86-4D37-8498-4D066ABAFBD2}.Debug|x86.ActiveCfg = Debug|Win32
		{25F4BBAD-5A86-4D37-8498-4D066ABAFBD2}.Debug|x86.Build.0 = Debug|Win32
		{25F4BBAD-5A86-4D37-8498-4D066ABAFBD2}.Release|x64.ActiveCfg = Release|x64
		{25F4BBAD-5A86-4D37-8498-4D066ABAFBD2}.Release|x64.Build.0 = Release|x64
		{25F4BBAD-5A86-4D37-8498-4D066ABAFBD2}.Release|x86.ActiveCfg = Release|Win32
		{25F4BBAD-5A86-4D37-8498-4D066ABAFBD2}.Release|x86.Build.0 = Release|Win32
		{6E85A22D-5047-4EE9-94F3-F58D055CF48A}.Debug|x64.ActiveCfg = Debug|x64
		{6E85A22D-5047-4EE9-94F3-F58D055CF48A}.Debug|x64.Build.0 = Debug|x64
		{6E85A22D-5047-4EE9-94F3-F58D055CF48A}.Debug|x86.ActiveCfg = Debug|Win32
		{6E85A22D-5047-4EE9-94F3-F58D055CF48A}.Debug|x86.Build.0 = Debug|Win32
		{6E85A22D-5047-4EE9-94F3-F58D055CF48A}.Release|x64.ActiveCfg = Release|x64
		{6E85A22D-5047-4EE9-94F3-F58D055CF48A}.Release|x64.Build.0 = Release|x64
		{6E85A22D-5047-4EE9-94F3-F58D055CF48A}.Release|x86.ActiveCfg = Release|Win32
		{6E85A22D-5047-4EE9-94F3-F58D055CF48A}.Release|x86.Build.0 = Release|Win32
		{53F69A9F-D690-4314-B30B-08CEBC4FFC86}.Debug|x64.ActiveCfg = Debug|x64
		{53F69A9F-D690-4314-B30B-08CEBC4FFC86}.Debug|x64.Build.0 = Debug|x64
		{53F69A9F-D690-4314-B30B-08CEBC4FFC86}.Debug|x86.ActiveCfg = Debug|Win32
		{53F69A9F-D690-4314-B30B-08CEBC4FFC86}.Debug|x86.Build.0 = Debug|Win32
		{53F69A9F-D690-4314-B30B-08CEBC4FFC86}.Release|x64.ActiveCfg = Release|x64
		{53F69A9F-D690-4314-B30B-08CEBC4FFC86}.Release|x64.Build.0 = Release|x64
		{53F69A9F-D690-4314-B30B-08CEBC4FFC86}.Release|x86.ActiveCfg = Release|Win32
		{53F69A9F-D690-4314-B30B-08CEBC4FFC86}.Release|x86.Build.0 = Release|Win32
		{376194AF-D632-4E73-8E8D-50495ECD11CE}.Debug|x64.ActiveCfg = Debug|x64
		{376194AF-D632-4E73-8E8D-50495ECD11CE}.Debug|x64.Build.0 = Debug|x64
		{376194AF-D632-4E73-8E8D-50495ECD11CE}.Debug|x86.ActiveCfg = Debug|Win32
		{376194AF-D632-4E73-8E8D-50495ECD11CE}.Debug|x86.Build.0 = Debug|Win32
		{376194AF-D632-4E73-8E8D-50495ECD11CE}.Release|x64.ActiveCfg = Release|x64
		{376194AF-D632-4E73-8E8D-50495ECD11CE}.Release|x64.Build.0 = Release|x64
		{376194AF-D632-4E73-8E8D-50495ECD11CE}.Release|x86.ActiveCfg = Release|Win32
		{376194AF-D632-4E73-8E8D-50495ECD11CE}.Release|x86.Build.0 = Release|Win32
		{A619FCE3-5764-4D12-8884-3301361F7082}.Debug|x64.ActiveCfg = Debug|x64
		{A619FCE3-5764-4D12-8884-3301361F7082}.Debug|x64.Build.0 = Debug|x64
		{A619FCE3-5764-4D12-8884-3301361F7082}.Debug|x86.ActiveCfg = Debug|Win32
		{A619FCE3-5764-4D12-8884-3301361F7082}.Debug|x86.Build.0 = Debug|Win32
		{A619FCE3-5764-4D12-8884-3301361F7082}.Release|x64.ActiveCfg = Release|x64
		{A619FCE3-5764-4D12-8884-3301361F7082}.Release|x64.Build.0 = Release|x64
		{A619FCE3-5764-4D12-8884-3301361F7082}.Release|x86.ActiveCfg = Release|Win32
		{A619FCE3-5764-4D12-8884-3301361F7082}.Release|x86.Build.0 = Release|Win32
		{6792B7B6-B7DF-4A32-A1A4-9B64A992D6C2}.Debug|x64.ActiveCfg = Debug|x64
		{6792B7B6-B7DF-4A32-A1A4-9B64A992D6C2}.Debug|x64.Build.0 = Debug|x64
		{6792B7B6-B7DF-4A32-A1A4-9B64A992D6C2}.Debug|x86.ActiveCfg = Debug|Win32
		{6792B7B6-B7DF-4A32-A1A4-9B64A992D6C2}.Debug|x86.Build.0 = Debug|Win32
		{6792B7B6-B7DF-4A32-A1A4-9B64A992D6C2}.Release|x64.ActiveCfg = Release|x64
		{6792B7B6-B7DF-4A32-A1A4-9B64A992D6C2}.Release|x64.Build.0 = Release|x64
		{6792B7B6-B7DF-4A32-A1A4-9B64A992D6C2}.Release|x86.ActiveCfg = Release|Win32
		{6792B7B6-B7DF-4A32-A1A4-9B64A992D6C2}.Release|x86.Build.0 = Release|Win32
		{0880E2FE-FF2B-4A25-8D52-8E75E70B41A4}.Debug|x64.ActiveCfg = Debug|x64
		{0880E2FE-FF2B-4A25-8D52-8E75E70B41A4}.Debug|x64.Build.0 = Debug|x64
		{0880E2FE-FF2B-4A25-8D52-8E75E70B41A4}.Debug|x86.ActiveCfg = Debug|Win32
		{0880E2FE-FF2B-4A25-8D52-8E75E70B41A4}.Debug|x86.Build.0 = Debug|Win32
		{0880E2FE-FF2B-4A25-8D52-8E75E70B41A4}.Release|x64.ActiveCfg = Release|x64
		{0880E2FE-FF2B-4A25-8D52-8E75E70B41A4}.Release|x64.Build.0 = Release|x64
		{0880E2FE-FF2B-4A25-8D52-8E75E70B41A4}.Release|x86.ActiveCfg = Release|Win32
		{0880E2FE-FF2B-4A25-8D52-8E75E70B41A4}.Release|x86.Build.0 = Release|Win32
		{1E42507C-BC89-4D70-9CE5-C7EEE590AAE2}.Debug|x64.ActiveCfg = Debug|x64
		{1E42507C-BC89-4D70-9CE5-C7EEE590AAE2}.Debug|x64.Build.0 = Debug|x64
		{1E42507C-BC89-4D70-9CE5-C7EEE590AAE2}.Debug|x86.ActiveCfg = Debug|Win32
		{1E42507C-BC89-4D70-9CE5-C7EEE590AAE2}.Debug|x86.Build.0 = Debug|Win32
		{1E42507C-BC89-4D70-9CE5-C7EEE590AAE2}.Release|x64.ActiveCfg = Release|x64
		{1E42507C-BC89-4D70-9CE5-C7EEE590AAE2}.Release|x64.Build.0 = Release|x64
		{1E42507C-BC89-4D70-9CE5-C7EEE590AAE2}.Release|x86.ActiveCfg = Release|Win32
		{1E42507C-BC89-4D70-9CE5-C7EEE590AAE2}.Release|x86.Build.0 = Release|Win32
		{6B13AC79-037C-4E95-905D-0FEF7AC397C9}.Debug|x64.ActiveCfg = Debug|x64
		{6B13AC79-037C-4E95-905D-0FEF7AC397C9}.Debug|x64.Build.0 = Debug|x64
		{6B13AC79-037C-4E95-905D-0FEF7AC397C9}.Debug|x86.ActiveCfg = Debug|Win32
		{6B13AC79-037C-4E95-905D-0FEF7AC397C9}.Debug|x86.Build.0 = Debug|Win32
		{6B13AC79-037C-4E95-905D-0FEF7AC397C9}.Release|x64.ActiveCfg = Release|x64
		{6B13AC79-037C-4E95-905D-0FEF7AC397C9}.Release|x64.Build.0 = Release|x64
		{6B13AC79-037C-4E95-905D-0FEF7AC397C9}.Release|x86.ActiveCfg = Release|Win32
		{6B13AC79-037C-4E95-905D-0FEF7AC397C9}.Release|x86.Build.0 = Release|Win32
		{189CB3A7-7FE4-46AA-9550-32F107871771}.Debug|x64.ActiveCfg = Debug|x64
		{189CB3A7-7FE4-46AA-9550-32F107871771}.Debug|x64.Build.0 = Debug|x64
		{189CB3A7-7FE4-46AA-9550-32F107871771}.Debug|x86.ActiveCfg = Debug|Win32
		{189CB3A7-7FE4-46AA-9550-32F107871771}.Debug|x86.Build.0 = Debug|Win32
		{189CB3A7-7FE4-46AA-9550-32F107871771}.Release|x64.ActiveCfg = Release|x64
		{189CB3A7-7FE4-46AA-9550-32F107871771}.Release|x64.Build.0 = Release|x64
		{189CB3A7-7FE4-46AA-9550-32F107871771}.Release|x86.ActiveCfg = Release|Win32
		{189CB3A7-7FE4-46AA-9550-32F107871771}.Release|x86.Build.0 = Release|Win32
		{08C33575-CB2E-4E54-9972-1B89F9DDE4FC}.Debug|x64.ActiveCfg = Debug|x64
		{08C33575-CB2E-4E54-9972-1B89F9DDE4FC}.Debug|x64.Build.0 = Debug|x64
		{08C33575-CB2E-4E54-9972-1B89F9DDE4FC}.Debug|x86.ActiveCfg = Debug|Win32
		{08C33575-CB2E-4E54-9972-1B89F9DDE4FC}.Debug|x86.Build.0 = Debug|Win32
		{08C33575-CB2E-4E54-9972-1B89F9DDE4FC}.Release|x64.ActiveCfg = Release|x64
		{08C33575-CB2E-4E54-9972-1B89F9DDE4FC}.Release|x64.Build.0 = Release|x64
		{08C33575-CB2E-4E54-9972-1B89F9DDE4FC}.Release|x86.ActiveCfg = Release|Win32
		{08C33575-CB2E-4E54-9972-1B89F9DDE4FC}.Release|x86.Build.0 = Release|Win32
		{16E122CF-4DB9-43F5-B936-D61CC39DF03D}.Debug|x64.ActiveCfg = Debug|x64
		{16E122CF-4DB9-43F5-B936-D61CC39DF03D}.Debug|x64.Build.0 = Debug|x64
		{16E122CF-4DB9-43F5-B936-D61CC39DF03D}.Debug|x86.ActiveCfg = Debug|Win32
		{16E122CF-4DB9-43F5-B936-D61CC39DF03D}.Debug|x86.Build.0 = Debug|Win32
		{16E122CF-4DB9-43F5-B936-D61CC39DF03D}.Release|x64.ActiveCfg = Release|x64
		{16E122CF-4DB9-43F5-B936-D61CC39DF03D}.Release|x64.Build.0 = Release|x64
		{16E122CF-4DB9-43F5-B936-D61CC39DF03D}.Release|x86.ActiveCfg = Release|Win32
		{16E122CF-4DB9-43F5-B936-D61CC39DF03D}.Release|x86.Build.0 = Release|Win32
		{F938F82D-EFF8-472E-B4A6-C3AB602AAAE2}.Debug|x64.ActiveCfg = Debug|x64
		{F938F82D-EFF8-472E-B4A6-C3AB602AAAE2}.Debug|x64.Build.0 = Debug|x64
		{F938F82D-EFF8-472E-B4A6-C3AB602AAAE2}.Debug|x86.ActiveCfg = Debug|Win32
		{F938F82D-EFF8-472E-B4A6-C3AB602AAAE2}.Debug|x86.Build.0 = Debug|Win32
		{F938F82D-EFF8-472E-B4A6-C3AB602AAAE2}.Release|x64.ActiveCfg = Release|x64
		{F938F82D-EFF8-472E-B4A6-C3AB602AAAE2}.Release|x64.Build.0 = Release|x64
		{F938F82D-EFF8-472E-B4A6-C3AB602AAAE2}.Release|x86.ActiveCfg = Release|Win32
		{F938F82D-EFF8-472E-B4A6-C3AB602AAAE2}.Release|x86.Build.0 = Release|Win32
		{B2AF714B-FB3D-414F-AA83-088243C8C429}.Debug|x64.ActiveCfg = Debug|x64
		{B2AF714B-FB3D-414F-AA83-088243C8C429}.Debug|x64.Build.0 = Debug|x64
		{B2AF714B-FB3D-414F-AA83-088243C8C429}.Debug|x86.ActiveCfg = Debug|Win32
		{B2AF714B-FB3D-414F-AA83-088243C8C429}.Debug|x86.Build.0 = Debug|Win32
		{B2AF714B-FB3D-414F-AA83-088243C8C429}.Release|x64.ActiveCfg = Release|x64
		{B2AF714B-FB3D-414F-AA83-088243C8C429}.Release|x64.Build.0 = Release|x64
		{B2AF714B-FB3D-414F-AA83-088243C8C429}.Release|x86.ActiveCfg = Release|Win32
		{B2AF714B-FB3D-414F-AA83-088243C8C429}.Release|x86.Build.0 = Release|Win32
		{785BC539-2C38-4443-9634-2C1BE3ADD3AB}.Debug|x64.ActiveCfg = Debug|x64
		{785BC539-2C38-4443-9634-2C1BE3ADD3AB}.Debug|x64.Build.0 = Debug|x64
		{785BC539-2C38-4443-9634-2C1BE3ADD3AB}.Debug|x86.ActiveCfg = Debug|Win32
		{785BC539-2C38-4443-9634-2C1BE3ADD3AB}.Debug|x86.Build.0 = Debug|Win32
		{785BC539-2C38-4443-9634-2C1BE3ADD3AB}.Release|x64.ActiveCfg = Release|x64
		{785BC539-2C38-4443-9634-2C1BE3ADD3AB}.Release|x64.Build.0 = Release|x64
		{785BC539-2C38-4443-9634-2C1BE3ADD3AB}.Release|x86.ActiveCfg = Release|Win32
		{785BC539-2C38-4443-9634-2C1BE3ADD3AB}.Release|x86.Build.0 = Release|Win32
		{718DFB65-654C-41F7-B6E8-F3DD6D1D4A5A}.Debug|x64.ActiveCfg = Debug|x64
		{718DFB65-654C-41F7-B6E8-F3DD6D1D4A5A}.Debug|x64.Build.0 = Debug|x64
		{718DFB65-654C-41F7-B6E8-F3DD6D1D4A5A}.Debug|x86.ActiveCfg = Debug|Win32
		{718DFB65-654C-41F7-B6E8-F3DD6D1D4A5A}.Debug|x86.Build.0 = Debug|Win32
		{718DFB65-654C-41F7-B6E8-F3DD6D1D4A5A}.Release|x64.ActiveCfg = Release|x64
		{718DFB65-654C-41F7-B6E8-F3DD6D1D4A5A}.Release|x64.Build.0 = Release|x64
		{718DFB65-654C-41F7-B6E8-F3DD6D1D4A5A}.Release|x86.ActiveCfg = Release|Win32
		{718DFB65-654C-41F7-B6E8-F3DD6D1D4A5A}.Release|x86.Build.0 = Release|Win32
	EndGlobalSection
	GlobalSection(SolutionProperties) = preSolution
		HideSolutionNode = FALSE
	EndGlobalSection
	GlobalSection(NestedProjects) = preSolution
		{1438BBCF-60D1-4890-BB91-F5F48CBA247B} = {8D781D6B-C2D4-45E8-BCE0-7DBE56E7E5A5}
		{7121D73A-E747-4CFB-857A-D7E0EA891037} = {A26B50F7-BA69-4C3B-A506-5AC0E1BE07BE}
		{DA2B0F5D-9F51-42F6-86DC-DB107B841C1B} = {A26B50F7-BA69-4C3B-A506-5AC0E1BE07BE}
		{230AEE78-6E0C-4862-BA36-E90FB0FA4F82} = {80DAF309-1CF9-4CF8-8D0C-413A79E8CEED}
		{8512524F-1C85-470C-8CB9-CCEFFF402986} = {80DAF309-1CF9-4CF8-8D0C-413A79E8CEED}
		{D705A8BC-ED7B-4226-B0D9-0258A9966B73} = {80DAF309-1CF9-4CF8-8D0C-413A79E8CEED}
		{B55EF63E-3C2D-4589-A036-291B6B4E8E17} = {80DAF309-1CF9-4CF8-8D0C-413A79E8CEED}
		{92D9869E-0371-497E-BA7F-167FEC9F99FC} = {B718C4E0-754E-43AB-AB74-A59CBE4404EB}
		{D4E98248-BA23-4FEB-BEB1-A36C613C91DE} = {B718C4E0-754E-43AB-AB74-A59CBE4404EB}
		{C1BAEBC0-8860-42C1-923C-D8BF30C577E3} = {B718C4E0-754E-43AB-AB74-A59CBE4404EB}
		{984EE498-4A39-4989-A529-356995B6D226} = {B718C4E0-754E-43AB-AB74-A59CBE4404EB}
		{25F4BBAD-5A86-4D37-8498-4D066ABAFBD2} = {B718C4E0-754E-43AB-AB74-A59CBE4404EB}
		{6E85A22D-5047-4EE9-94F3-F58D055CF48A} = {1FF7400B-B30F-499C-A6F4-E21A1096182E}
		{53F69A9F-D690-4314-B30B-08CEBC4FFC86} = {1FF7400B-B30F-499C-A6F4-E21A1096182E}
		{376194AF-D632-4E73-8E8D-50495ECD11CE} = {1FF7400B-B30F-499C-A6F4-E21A1096182E}
		{A619FCE3-5764-4D12-8884-3301361F7082} = {1FF7400B-B30F-499C-A6F4-E21A1096182E}
		{6792B7B6-B7DF-4A32-A1A4-9B64A992D6C2} = {EBFCEFD2-603C-4DFC-8249-4359D8A21954}
		{0880E2FE-FF2B-4A25-8D52-8E75E70B41A4} = {EBFCEFD2-603C-4DFC-8249-4359D8A21954}
		{1E42507C-BC89-4D70-9CE5-C7EEE590AAE2} = {01308A3F-3894-485B-AA36-AC1466AD30E2}
		{6B13AC79-037C-4E95-905D-0FEF7AC397C9} = {01308A3F-3894-485B-AA36-AC1466AD30E2}
		{189CB3A7-7FE4-46AA-9550-32F107871771} = {01308A3F-3894-485B-AA36-AC1466AD30E2}
		{08C33575-CB2E-4E54-9972-1B89F9DDE4FC} = {01308A3F-3894-485B-AA36-AC1466AD30E2}
		{16E122CF-4DB9-43F5-B936-D61CC39DF03D} = {01308A3F-3894-485B-AA36-AC1466AD30E2}
		{F938F82D-EFF8-472E-B4A6-C3AB602AAAE2} = {01308A3F-3894-485B-AA36-AC1466AD30E2}
		{B2AF714B-FB3D-414F-AA83-088243C8C429} = {49A11FA3-CA72-47BE-9CB0-1E9118F30A60}
		{785BC539-2C38-4443-9634-2C1BE3ADD3AB} = {AA1F0273-3CCA-4C1C-8019-06578D9EC3F9}
		{718DFB65-654C-41F7-B6E8-F3DD6D1D4A5A} = {49A11FA3-CA72-47BE-9CB0-1E9118F30A60}
	EndGlobalSection
EndGlobal
